
Microsoft Visual Studio Solution File, Format Version 12.00
# Visual Studio Version 17
VisualStudioVersion = 17.12.35506.116
MinimumVisualStudioVersion = 10.0.40219.1
Project("{FAE04EC0-301F-11D3-BF4B-00C04F79EFBC}") = "TestProject3", "TestProject3\TestProject3.csproj", "{0981DD0C-D3C7-4E5C-B3E6-649A6F2A8DB1}"
EndProject
Project("{FAE04EC0-301F-11D3-BF4B-00C04F79EFBC}") = "WebApplication1", "WebApplication1\WebApplication1.csproj", "{7F533132-2C57-4DC8-8926-354006C695B2}"
EndProject
Project("{2150E333-8FDC-42A3-9474-1A3956D46DE8}") = "Solution Items", "Solution Items", "{3BDEA5EA-056B-4CC3-9234-DC30BE6CE660}"
	ProjectSection(SolutionItems) = preProject
		.gitignore = .gitignore
	EndProjectSection
EndProject
Global
	GlobalSection(SolutionConfigurationPlatforms) = preSolution
		Debug|Any CPU = Debug|Any CPU
		Release|Any CPU = Release|Any CPU
	EndGlobalSection
	GlobalSection(ProjectConfigurationPlatforms) = postSolution
		{0981DD0C-D3C7-4E5C-B3E6-649A6F2A8DB1}.Debug|Any CPU.ActiveCfg = Debug|Any CPU
		{0981DD0C-D3C7-4E5C-B3E6-649A6F2A8DB1}.Debug|Any CPU.Build.0 = Debug|Any CPU
		{0981DD0C-D3C7-4E5C-B3E6-649A6F2A8DB1}.Release|Any CPU.ActiveCfg = Release|Any CPU
		{0981DD0C-D3C7-4E5C-B3E6-649A6F2A8DB1}.Release|Any CPU.Build.0 = Release|Any CPU
		{7F533132-2C57-4DC8-8926-354006C695B2}.Debug|Any CPU.ActiveCfg = Debug|Any CPU
		{7F533132-2C57-4DC8-8926-354006C695B2}.Debug|Any CPU.Build.0 = Debug|Any CPU
		{7F533132-2C57-4DC8-8926-354006C695B2}.Release|Any CPU.ActiveCfg = Release|Any CPU
		{7F533132-2C57-4DC8-8926-354006C695B2}.Release|Any CPU.Build.0 = Release|Any CPU
	EndGlobalSection
	GlobalSection(SolutionProperties) = preSolution
		HideSolutionNode = FALSE
	EndGlobalSection
EndGlobal
